
Microsoft Visual Studio Solution File, Format Version 12.00
# Visual Studio Version 16
VisualStudioVersion = 16.0.30804.86
MinimumVisualStudioVersion = 10.0.40219.1
Project("{FAE04EC0-301F-11D3-BF4B-00C04F79EFBC}") = "ToroApp.Domain.Tests", "ToroApp.Domain.Tests\ToroApp.Domain.Tests.csproj", "{891409C4-87F0-444F-AC8F-957DD85FCD3A}"
EndProject
Global
	GlobalSection(SolutionConfigurationPlatforms) = preSolution
		Debug|Any CPU = Debug|Any CPU
		Release|Any CPU = Release|Any CPU
	EndGlobalSection
	GlobalSection(ProjectConfigurationPlatforms) = postSolution
		{891409C4-87F0-444F-AC8F-957DD85FCD3A}.Debug|Any CPU.ActiveCfg = Debug|Any CPU
		{891409C4-87F0-444F-AC8F-957DD85FCD3A}.Debug|Any CPU.Build.0 = Debug|Any CPU
		{891409C4-87F0-444F-AC8F-957DD85FCD3A}.Release|Any CPU.ActiveCfg = Release|Any CPU
		{891409C4-87F0-444F-AC8F-957DD85FCD3A}.Release|Any CPU.Build.0 = Release|Any CPU
	EndGlobalSection
	GlobalSection(SolutionProperties) = preSolution
		HideSolutionNode = FALSE
	EndGlobalSection
	GlobalSection(ExtensibilityGlobals) = postSolution
		SolutionGuid = {251D0B10-C6F5-4C42-8FBF-C8DD81D0F283}
	EndGlobalSection
EndGlobal
